{
  "pins" : [
    {
      "identity" : "filesugar",
      "kind" : "remoteSourceControl",
      "location" : "https://github.com/eonist/FileSugar.git",
      "state" : {
        "branch" : "master",
        "revision" : "ee18426ac7621402bb99423b490cc445e357f12b"
      }
    }
  ],
  "version" : 2
}
